
Microsoft Visual Studio Solution File, Format Version 12.00
# Visual Studio Version 16
VisualStudioVersion = 16.0.31025.194
MinimumVisualStudioVersion = 10.0.40219.1
Project("{FAE04EC0-301F-11D3-BF4B-00C04F79EFBC}") = "bitBooks_Project", "bitBooks_Project\bitBooks_Project.csproj", "{C649FBA5-8FC4-4B2A-A545-E2C769340455}"
EndProject
Project("{FAE04EC0-301F-11D3-BF4B-00C04F79EFBC}") = "EmailAutomat", "EmailAutomat\EmailAutomat.csproj", "{B8635626-8787-44E7-BE17-6E886790DA62}"
EndProject
Project("{FAE04EC0-301F-11D3-BF4B-00C04F79EFBC}") = "PodaciOKnjiziDll", "PodaciOKnjiziDll\PodaciOKnjiziDll.csproj", "{89277785-A821-4806-A0F8-536AD29BF73C}"
EndProject
Global
	GlobalSection(SolutionConfigurationPlatforms) = preSolution
		Debug|Any CPU = Debug|Any CPU
		Release|Any CPU = Release|Any CPU
	EndGlobalSection
	GlobalSection(ProjectConfigurationPlatforms) = postSolution
		{C649FBA5-8FC4-4B2A-A545-E2C769340455}.Debug|Any CPU.ActiveCfg = Debug|Any CPU
		{C649FBA5-8FC4-4B2A-A545-E2C769340455}.Debug|Any CPU.Build.0 = Debug|Any CPU
		{C649FBA5-8FC4-4B2A-A545-E2C769340455}.Release|Any CPU.ActiveCfg = Release|Any CPU
		{C649FBA5-8FC4-4B2A-A545-E2C769340455}.Release|Any CPU.Build.0 = Release|Any CPU
		{89277785-A821-4806-A0F8-536AD29BF73C}.Debug|Any CPU.ActiveCfg = Debug|Any CPU
		{89277785-A821-4806-A0F8-536AD29BF73C}.Debug|Any CPU.Build.0 = Debug|Any CPU
		{89277785-A821-4806-A0F8-536AD29BF73C}.Release|Any CPU.ActiveCfg = Release|Any CPU
		{89277785-A821-4806-A0F8-536AD29BF73C}.Release|Any CPU.Build.0 = Release|Any CPU
		{B8635626-8787-44E7-BE17-6E886790DA62}.Debug|Any CPU.ActiveCfg = Debug|Any CPU
		{B8635626-8787-44E7-BE17-6E886790DA62}.Debug|Any CPU.Build.0 = Debug|Any CPU
		{B8635626-8787-44E7-BE17-6E886790DA62}.Release|Any CPU.ActiveCfg = Release|Any CPU
		{B8635626-8787-44E7-BE17-6E886790DA62}.Release|Any CPU.Build.0 = Release|Any CPU
	EndGlobalSection
	GlobalSection(SolutionProperties) = preSolution
		HideSolutionNode = FALSE
	EndGlobalSection
	GlobalSection(ExtensibilityGlobals) = postSolution
		SolutionGuid = {D62FDC3B-74AE-4849-965F-12712E6C0C14}
	EndGlobalSection
EndGlobal
